lockfileVersion: '9.0'

settings:
  autoInstallPeers: true
  excludeLinksFromLockfile: false

importers:

  .:
    dependencies:
      '@handsontable/react':
        specifier: ^16.0.1
        version: 16.0.1(handsontable@16.0.1)
      handsontable:
        specifier: ^16.0.1
        version: 16.0.1
      xlsx:
        specifier: ^0.18.5
        version: 0.18.5

packages:

  '@handsontable/pikaday@1.0.0':
    resolution: {integrity: sha512-1VN6N38t5/DcjJ7y7XUYrDx1LuzvvzlrFdBdMG90Qo1xc8+LXHqbWbsTEm5Ec5gXTEbDEO53vUT35R+2COmOyg==}

  '@handsontable/react@16.0.1':
    resolution: {integrity: sha512-n0OeUHpq/tuxvcIgoaYaNIUWv7vdyE5IRt6WNDIilm7lBIstzKcAKS4v0eS1luz5MIThH6Jx8hA2npeI9XHHsQ==}
    peerDependencies:
      handsontable: '>=16.0.0'

  '@types/trusted-types@2.0.7':
    resolution: {integrity: sha512-ScaPdn1dQczgbl0QFTeTOmVHFULt394XJgOQNoyVhZ6r2vLnMLJfBPd53SB52T/3G36VI1/g2MZaX0cwDuXsfw==}

  adler-32@1.3.1:
    resolution: {integrity: sha512-ynZ4w/nUUv5rrsR8UUGoe1VC9hZj6V5hU9Qw1HlMDJGEJw5S7TfTErWTjMys6M7vr0YWcPqs3qAr4ss0nDfP+A==}
    engines: {node: '>=0.8'}

  bignumber.js@9.3.1:
    resolution: {integrity: sha512-Ko0uX15oIUS7wJ3Rb30Fs6SkVbLmPBAKdlm7q9+ak9bbIeFf0MwuBsQV6z7+X768/cHsfg+WlysDWJcmthjsjQ==}

  cfb@1.2.2:
    resolution: {integrity: sha512-KfdUZsSOw19/ObEWasvBP/Ac4reZvAGauZhs6S/gqNhXhI7cKwvlH7ulj+dOEYnca4bm4SGo8C1bTAQvnTjgQA==}
    engines: {node: '>=0.8'}

  chevrotain@6.5.0:
    resolution: {integrity: sha512-BwqQ/AgmKJ8jcMEjaSnfMybnKMgGTrtDKowfTP3pX4jwVy0kNjRsT/AP6h+wC3+3NC+X8X15VWBnTCQlX+wQFg==}

  codepage@1.15.0:
    resolution: {integrity: sha512-3g6NUTPd/YtuuGrhMnOMRjFc+LJw/bnMp3+0r/Wcz3IXUuCosKRJvMphm5+Q+bvTVGcJJuRvVLuYba+WojaFaA==}
    engines: {node: '>=0.8'}

  core-js@3.45.1:
    resolution: {integrity: sha512-L4NPsJlCfZsPeXukyzHFlg/i7IIVwHSItR0wg0FLNqYClJ4MQYTYLbC7EkjKYRLZF2iof2MUgN0EGy7MdQFChg==}

  crc-32@1.2.2:
    resolution: {integrity: sha512-ROmzCKrTnOwybPcJApAA6WBWij23HVfGVNKqqrZpuyZOHqK2CwHSvpGuyt/UNNvaIjEd8X5IFGp4Mh+Ie1IHJQ==}
    engines: {node: '>=0.8'}
    hasBin: true

  dompurify@3.2.6:
    resolution: {integrity: sha512-/2GogDQlohXPZe6D6NOgQvXLPSYBqIWMnZ8zzOhn09REE4eyAzb+Hed3jhoM9OkuaJ8P6ZGTTVWQKAi8ieIzfQ==}

  frac@1.1.2:
    resolution: {integrity: sha512-w/XBfkibaTl3YDqASwfDUqkna4Z2p9cFSr1aHDt0WoMTECnRfBOv2WArlZILlqgWlmdIlALXGpM2AOhEk5W3IA==}
    engines: {node: '>=0.8'}

  handsontable@16.0.1:
    resolution: {integrity: sha512-YkfSYVP+5JaD8/hJfXAvVLTQhDx7flynRwCs4YFQYKGZ/Frkf1J/vCF1rvDUPGtEBJGWT+LTmJFW08cn6SsjoQ==}

  hyperformula@3.0.1:
    resolution: {integrity: sha512-SFH8fOPtL7uHnYhVrd6u0g0Jp2UQyDprcRfdQh5dmLgwtCg397J3QkwGCCWuQi17WRWF1Z2+gB44WO8h+DK7dA==}

  moment@2.30.1:
    resolution: {integrity: sha512-uEmtNhbDOrWPFS+hdjFCBfy9f2YoyzRpwcl+DqpC6taX21FzsTLQVbMV/W7PzNSX6x/bhC1zA3c2UQ5NzH6how==}

  numbro@2.5.0:
    resolution: {integrity: sha512-xDcctDimhzko/e+y+Q2/8i3qNC9Svw1QgOkSkQoO0kIPI473tR9QRbo2KP88Ty9p8WbPy+3OpTaAIzehtuHq+A==}

  regexp-to-ast@0.4.0:
    resolution: {integrity: sha512-4qf/7IsIKfSNHQXSwial1IFmfM1Cc/whNBQqRwe0V2stPe7KmN1U0tWQiIx6JiirgSrisjE0eECdNf7Tav1Ntw==}

  ssf@0.11.2:
    resolution: {integrity: sha512-+idbmIXoYET47hH+d7dfm2epdOMUDjqcB4648sTZ+t2JwoyBFL/insLfB/racrDmsKB3diwsDA696pZMieAC5g==}
    engines: {node: '>=0.8'}

  tiny-emitter@2.1.0:
    resolution: {integrity: sha512-NB6Dk1A9xgQPMoGqC5CVXn123gWyte215ONT5Pp5a0yt4nlEoO1ZWeCwpncaekPHXO60i47ihFnZPiRPjRMq4Q==}

  wmf@1.0.2:
    resolution: {integrity: sha512-/p9K7bEh0Dj6WbXg4JG0xvLQmIadrner1bi45VMJTfnbVHsc7yIajZyoSoK60/dtVBs12Fm6WkUI5/3WAVsNMw==}
    engines: {node: '>=0.8'}

  word@0.3.0:
    resolution: {integrity: sha512-OELeY0Q61OXpdUfTp+oweA/vtLVg5VDOXh+3he3PNzLGG/y0oylSOC1xRVj0+l4vQ3tj/bB1HVHv1ocXkQceFA==}
    engines: {node: '>=0.8'}

  xlsx@0.18.5:
    resolution: {integrity: sha512-dmg3LCjBPHZnQp5/F/+nnTa+miPJxUXB6vtk42YjBBKayDNagxGEeIdWApkYPOf3Z3pm3k62Knjzp7lMeTEtFQ==}
    engines: {node: '>=0.8'}
    hasBin: true

snapshots:

  '@handsontable/pikaday@1.0.0': {}

  '@handsontable/react@16.0.1(handsontable@16.0.1)':
    dependencies:
      handsontable: 16.0.1

  '@types/trusted-types@2.0.7':
    optional: true

  adler-32@1.3.1: {}

  bignumber.js@9.3.1: {}

  cfb@1.2.2:
    dependencies:
      adler-32: 1.3.1
      crc-32: 1.2.2

  chevrotain@6.5.0:
    dependencies:
      regexp-to-ast: 0.4.0
    optional: true

  codepage@1.15.0: {}

  core-js@3.45.1: {}

  crc-32@1.2.2: {}

  dompurify@3.2.6:
    optionalDependencies:
      '@types/trusted-types': 2.0.7

  frac@1.1.2: {}

  handsontable@16.0.1:
    dependencies:
      '@handsontable/pikaday': 1.0.0
      core-js: 3.45.1
      dompurify: 3.2.6
      moment: 2.30.1
      numbro: 2.5.0
    optionalDependencies:
      hyperformula: 3.0.1

  hyperformula@3.0.1:
    dependencies:
      chevrotain: 6.5.0
      tiny-emitter: 2.1.0
    optional: true

  moment@2.30.1: {}

  numbro@2.5.0:
    dependencies:
      bignumber.js: 9.3.1

  regexp-to-ast@0.4.0:
    optional: true

  ssf@0.11.2:
    dependencies:
      frac: 1.1.2

  tiny-emitter@2.1.0:
    optional: true

  wmf@1.0.2: {}

  word@0.3.0: {}

  xlsx@0.18.5:
    dependencies:
      adler-32: 1.3.1
      cfb: 1.2.2
      codepage: 1.15.0
      crc-32: 1.2.2
      ssf: 0.11.2
      wmf: 1.0.2
      word: 0.3.0
